// !$*UTF8*$!
{
	archiveVersion = 1;
	classes = {
	};
	objectVersion = 46;
	objects = {

/* Begin PBXBuildFile section */
		4600042F1C1386C0005A23B4 /* TripData.xcdatamodeld in Sources */ = {isa = PBXBuildFile; fileRef = 4600042D1C1386C0005A23B4 /* TripData.xcdatamodeld */; };
		460004341C138916005A23B4 /* Trip+CoreDataProperties.swift in Sources */ = {isa = PBXBuildFile; fileRef = 460004301C138916005A23B4 /* Trip+CoreDataProperties.swift */; };
		460004351C138916005A23B4 /* Trip.swift in Sources */ = {isa = PBXBuildFile; fileRef = 460004311C138916005A23B4 /* Trip.swift */; };
		460004361C138916005A23B4 /* LocationReading+CoreDataProperties.swift in Sources */ = {isa = PBXBuildFile; fileRef = 460004321C138916005A23B4 /* LocationReading+CoreDataProperties.swift */; };
		460004371C138916005A23B4 /* LocationReading.swift in Sources */ = {isa = PBXBuildFile; fileRef = 460004331C138916005A23B4 /* LocationReading.swift */; };
		468DE5E91C13DE24006738E0 /* tabbar_instructions.png in Resources */ = {isa = PBXBuildFile; fileRef = 468DE5DF1C13DE24006738E0 /* tabbar_instructions.png */; };
		468DE5EA1C13DE24006738E0 /* tabbar_instructions@2x.png in Resources */ = {isa = PBXBuildFile; fileRef = 468DE5E01C13DE24006738E0 /* tabbar_instructions@2x.png */; };
		468DE5EB1C13DE24006738E0 /* tabbar_notes.png in Resources */ = {isa = PBXBuildFile; fileRef = 468DE5E11C13DE24006738E0 /* tabbar_notes.png */; };
		468DE5EC1C13DE24006738E0 /* tabbar_notes@2x.png in Resources */ = {isa = PBXBuildFile; fileRef = 468DE5E21C13DE24006738E0 /* tabbar_notes@2x.png */; };
		468DE5ED1C13DE24006738E0 /* tabbar_record.png in Resources */ = {isa = PBXBuildFile; fileRef = 468DE5E31C13DE24006738E0 /* tabbar_record.png */; };
		468DE5EE1C13DE24006738E0 /* tabbar_record@2x.png in Resources */ = {isa = PBXBuildFile; fileRef = 468DE5E41C13DE24006738E0 /* tabbar_record@2x.png */; };
		468DE5EF1C13DE24006738E0 /* tabbar_settings.png in Resources */ = {isa = PBXBuildFile; fileRef = 468DE5E51C13DE24006738E0 /* tabbar_settings.png */; };
		468DE5F01C13DE24006738E0 /* tabbar_settings@2x.png in Resources */ = {isa = PBXBuildFile; fileRef = 468DE5E61C13DE24006738E0 /* tabbar_settings@2x.png */; };
		468DE5F11C13DE24006738E0 /* tabbar_view.png in Resources */ = {isa = PBXBuildFile; fileRef = 468DE5E71C13DE24006738E0 /* tabbar_view.png */; };
		468DE5F21C13DE24006738E0 /* tabbar_view@2x.png in Resources */ = {isa = PBXBuildFile; fileRef = 468DE5E81C13DE24006738E0 /* tabbar_view@2x.png */; };
		46AB6CE11C136AB300ECB3C2 /* CoreDataStack.swift in Sources */ = {isa = PBXBuildFile; fileRef = 46AB6CE01C136AB300ECB3C2 /* CoreDataStack.swift */; };
		46D737201BEE4FFA0022361D /* AppDelegate.swift in Sources */ = {isa = PBXBuildFile; fileRef = 46D7371F1BEE4FFA0022361D /* AppDelegate.swift */; };
		46D737221BEE4FFA0022361D /* MapController.swift in Sources */ = {isa = PBXBuildFile; fileRef = 46D737211BEE4FFA0022361D /* MapController.swift */; };
		46D737251BEE4FFA0022361D /* Main.storyboard in Resources */ = {isa = PBXBuildFile; fileRef = 46D737231BEE4FFA0022361D /* Main.storyboard */; };
		46D737271BEE4FFA0022361D /* Assets.xcassets in Resources */ = {isa = PBXBuildFile; fileRef = 46D737261BEE4FFA0022361D /* Assets.xcassets */; };
		46D7372A1BEE4FFA0022361D /* LaunchScreen.storyboard in Resources */ = {isa = PBXBuildFile; fileRef = 46D737281BEE4FFA0022361D /* LaunchScreen.storyboard */; };
		46D737351BEE4FFB0022361D /* CycleSaverTests.swift in Sources */ = {isa = PBXBuildFile; fileRef = 46D737341BEE4FFB0022361D /* CycleSaverTests.swift */; };
		46D737401BEE4FFB0022361D /* CycleSaverUITests.swift in Sources */ = {isa = PBXBuildFile; fileRef = 46D7373F1BEE4FFB0022361D /* CycleSaverUITests.swift */; };
/* End PBXBuildFile section */

/* Begin PBXContainerItemProxy section */
		46D737311BEE4FFB0022361D /* PBXContainerItemProxy */ = {
			isa = PBXContainerItemProxy;
			containerPortal = 46D737141BEE4FFA0022361D /* Project object */;
			proxyType = 1;
			remoteGlobalIDString = 46D7371B1BEE4FFA0022361D;
			remoteInfo = CycleSaver;
		};
		46D7373C1BEE4FFB0022361D /* PBXContainerItemProxy */ = {
			isa = PBXContainerItemProxy;
			containerPortal = 46D737141BEE4FFA0022361D /* Project object */;
			proxyType = 1;
			remoteGlobalIDString = 46D7371B1BEE4FFA0022361D;
			remoteInfo = CycleSaver;
		};
/* End PBXContainerItemProxy section */

/* Begin PBXFileReference section */
		4600042E1C1386C0005A23B4 /* TripData.xcdatamodel */ = {isa = PBXFileReference; lastKnownFileType = wrapper.xcdatamodel; path = TripData.xcdatamodel; sourceTree = "<group>"; };
		460004301C138916005A23B4 /* Trip+CoreDataProperties.swift */ = {isa = PBXFileReference; fileEncoding = 4; lastKnownFileType = sourcecode.swift; path = "Trip+CoreDataProperties.swift"; sourceTree = "<group>"; };
		460004311C138916005A23B4 /* Trip.swift */ = {isa = PBXFileReference; fileEncoding = 4; lastKnownFileType = sourcecode.swift; path = Trip.swift; sourceTree = "<group>"; };
		460004321C138916005A23B4 /* LocationReading+CoreDataProperties.swift */ = {isa = PBXFileReference; fileEncoding = 4; lastKnownFileType = sourcecode.swift; path = "LocationReading+CoreDataProperties.swift"; sourceTree = "<group>"; };
		460004331C138916005A23B4 /* LocationReading.swift */ = {isa = PBXFileReference; fileEncoding = 4; lastKnownFileType = sourcecode.swift; path = LocationReading.swift; sourceTree = "<group>"; };
		468DE5DF1C13DE24006738E0 /* tabbar_instructions.png */ = {isa = PBXFileReference; lastKnownFileType = image.png; path = tabbar_instructions.png; sourceTree = "<group>"; };
		468DE5E01C13DE24006738E0 /* tabbar_instructions@2x.png */ = {isa = PBXFileReference; lastKnownFileType = image.png; path = "tabbar_instructions@2x.png"; sourceTree = "<group>"; };
		468DE5E11C13DE24006738E0 /* tabbar_notes.png */ = {isa = PBXFileReference; lastKnownFileType = image.png; path = tabbar_notes.png; sourceTree = "<group>"; };
		468DE5E21C13DE24006738E0 /* tabbar_notes@2x.png */ = {isa = PBXFileReference; lastKnownFileType = image.png; path = "tabbar_notes@2x.png"; sourceTree = "<group>"; };
		468DE5E31C13DE24006738E0 /* tabbar_record.png */ = {isa = PBXFileReference; lastKnownFileType = image.png; path = tabbar_record.png; sourceTree = "<group>"; };
		468DE5E41C13DE24006738E0 /* tabbar_record@2x.png */ = {isa = PBXFileReference; lastKnownFileType = image.png; path = "tabbar_record@2x.png"; sourceTree = "<group>"; };
		468DE5E51C13DE24006738E0 /* tabbar_settings.png */ = {isa = PBXFileReference; lastKnownFileType = image.png; path = tabbar_settings.png; sourceTree = "<group>"; };
		468DE5E61C13DE24006738E0 /* tabbar_settings@2x.png */ = {isa = PBXFileReference; lastKnownFileType = image.png; path = "tabbar_settings@2x.png"; sourceTree = "<group>"; };
		468DE5E71C13DE24006738E0 /* tabbar_view.png */ = {isa = PBXFileReference; lastKnownFileType = image.png; path = tabbar_view.png; sourceTree = "<group>"; };
		468DE5E81C13DE24006738E0 /* tabbar_view@2x.png */ = {isa = PBXFileReference; lastKnownFileType = image.png; path = "tabbar_view@2x.png"; sourceTree = "<group>"; };
		46AB6CE01C136AB300ECB3C2 /* CoreDataStack.swift */ = {isa = PBXFileReference; fileEncoding = 4; lastKnownFileType = sourcecode.swift; path = CoreDataStack.swift; sourceTree = "<group>"; };
		46D7371C1BEE4FFA0022361D /* CycleSaver.app */ = {isa = PBXFileReference; explicitFileType = wrapper.application; includeInIndex = 0; path = CycleSaver.app; sourceTree = BUILT_PRODUCTS_DIR; };
		46D7371F1BEE4FFA0022361D /* AppDelegate.swift */ = {isa = PBXFileReference; lastKnownFileType = sourcecode.swift; path = AppDelegate.swift; sourceTree = "<group>"; };
		46D737211BEE4FFA0022361D /* MapController.swift */ = {isa = PBXFileReference; lastKnownFileType = sourcecode.swift; path = MapController.swift; sourceTree = "<group>"; };
		46D737241BEE4FFA0022361D /* Base */ = {isa = PBXFileReference; lastKnownFileType = file.storyboard; name = Base; path = Base.lproj/Main.storyboard; sourceTree = "<group>"; };
		46D737261BEE4FFA0022361D /* Assets.xcassets */ = {isa = PBXFileReference; lastKnownFileType = folder.assetcatalog; path = Assets.xcassets; sourceTree = "<group>"; };
		46D737291BEE4FFA0022361D /* Base */ = {isa = PBXFileReference; lastKnownFileType = file.storyboard; name = Base; path = Base.lproj/LaunchScreen.storyboard; sourceTree = "<group>"; };
		46D7372B1BEE4FFA0022361D /* Info.plist */ = {isa = PBXFileReference; lastKnownFileType = text.plist.xml; path = Info.plist; sourceTree = "<group>"; };
		46D737301BEE4FFB0022361D /* CycleSaverTests.xctest */ = {isa = PBXFileReference; explicitFileType = wrapper.cfbundle; includeInIndex = 0; path = CycleSaverTests.xctest; sourceTree = BUILT_PRODUCTS_DIR; };
		46D737341BEE4FFB0022361D /* CycleSaverTests.swift */ = {isa = PBXFileReference; lastKnownFileType = sourcecode.swift; path = CycleSaverTests.swift; sourceTree = "<group>"; };
		46D737361BEE4FFB0022361D /* Info.plist */ = {isa = PBXFileReference; lastKnownFileType = text.plist.xml; path = Info.plist; sourceTree = "<group>"; };
		46D7373B1BEE4FFB0022361D /* CycleSaverUITests.xctest */ = {isa = PBXFileReference; explicitFileType = wrapper.cfbundle; includeInIndex = 0; path = CycleSaverUITests.xctest; sourceTree = BUILT_PRODUCTS_DIR; };
		46D7373F1BEE4FFB0022361D /* CycleSaverUITests.swift */ = {isa = PBXFileReference; lastKnownFileType = sourcecode.swift; path = CycleSaverUITests.swift; sourceTree = "<group>"; };
		46D737411BEE4FFB0022361D /* Info.plist */ = {isa = PBXFileReference; lastKnownFileType = text.plist.xml; path = Info.plist; sourceTree = "<group>"; };
/* End PBXFileReference section */

/* Begin PBXFrameworksBuildPhase section */
		46D737191BEE4FFA0022361D /* Frameworks */ = {
			isa = PBXFrameworksBuildPhase;
			buildActionMask = 2147483647;
			files = (
			);
			runOnlyForDeploymentPostprocessing = 0;
		};
		46D7372D1BEE4FFB0022361D /* Frameworks */ = {
			isa = PBXFrameworksBuildPhase;
			buildActionMask = 2147483647;
			files = (
			);
			runOnlyForDeploymentPostprocessing = 0;
		};
		46D737381BEE4FFB0022361D /* Frameworks */ = {
			isa = PBXFrameworksBuildPhase;
			buildActionMask = 2147483647;
			files = (
			);
			runOnlyForDeploymentPostprocessing = 0;
		};
/* End PBXFrameworksBuildPhase section */

/* Begin PBXGroup section */
		468DE5DC1C13DDBA006738E0 /* Controllers */ = {
			isa = PBXGroup;
			children = (
				46D737211BEE4FFA0022361D /* MapController.swift */,
			);
			path = Controllers;
			sourceTree = "<group>";
		};
		468DE5DD1C13DDE6006738E0 /* Assets */ = {
			isa = PBXGroup;
			children = (
				468DE5DE1C13DDEE006738E0 /* TabBar */,
			);
			path = Assets;
			sourceTree = "<group>";
		};
		468DE5DE1C13DDEE006738E0 /* TabBar */ = {
			isa = PBXGroup;
			children = (
				468DE5DF1C13DE24006738E0 /* tabbar_instructions.png */,
				468DE5E01C13DE24006738E0 /* tabbar_instructions@2x.png */,
				468DE5E11C13DE24006738E0 /* tabbar_notes.png */,
				468DE5E21C13DE24006738E0 /* tabbar_notes@2x.png */,
				468DE5E31C13DE24006738E0 /* tabbar_record.png */,
				468DE5E41C13DE24006738E0 /* tabbar_record@2x.png */,
				468DE5E51C13DE24006738E0 /* tabbar_settings.png */,
				468DE5E61C13DE24006738E0 /* tabbar_settings@2x.png */,
				468DE5E71C13DE24006738E0 /* tabbar_view.png */,
				468DE5E81C13DE24006738E0 /* tabbar_view@2x.png */,
			);
			path = TabBar;
			sourceTree = "<group>";
		};
		4696A2741C13AD87002E5F58 /* Models */ = {
			isa = PBXGroup;
			children = (
				46AB6CE01C136AB300ECB3C2 /* CoreDataStack.swift */,
				460004321C138916005A23B4 /* LocationReading+CoreDataProperties.swift */,
				460004331C138916005A23B4 /* LocationReading.swift */,
				460004301C138916005A23B4 /* Trip+CoreDataProperties.swift */,
				460004311C138916005A23B4 /* Trip.swift */,
				4600042D1C1386C0005A23B4 /* TripData.xcdatamodeld */,
			);
			path = Models;
			sourceTree = "<group>";
		};
		46D737131BEE4FFA0022361D = {
			isa = PBXGroup;
			children = (
				46D7371E1BEE4FFA0022361D /* CycleSaver */,
				46D737331BEE4FFB0022361D /* CycleSaverTests */,
				46D7373E1BEE4FFB0022361D /* CycleSaverUITests */,
				46D7371D1BEE4FFA0022361D /* Products */,
			);
			sourceTree = "<group>";
		};
		46D7371D1BEE4FFA0022361D /* Products */ = {
			isa = PBXGroup;
			children = (
				46D7371C1BEE4FFA0022361D /* CycleSaver.app */,
				46D737301BEE4FFB0022361D /* CycleSaverTests.xctest */,
				46D7373B1BEE4FFB0022361D /* CycleSaverUITests.xctest */,
			);
			name = Products;
			sourceTree = "<group>";
		};
		46D7371E1BEE4FFA0022361D /* CycleSaver */ = {
			isa = PBXGroup;
			children = (
				468DE5DD1C13DDE6006738E0 /* Assets */,
				468DE5DC1C13DDBA006738E0 /* Controllers */,
				4696A2741C13AD87002E5F58 /* Models */,
				46D7371F1BEE4FFA0022361D /* AppDelegate.swift */,
				46D737261BEE4FFA0022361D /* Assets.xcassets */,
				46D7372B1BEE4FFA0022361D /* Info.plist */,
				46D737281BEE4FFA0022361D /* LaunchScreen.storyboard */,
				46D737231BEE4FFA0022361D /* Main.storyboard */,
			);
			path = CycleSaver;
			sourceTree = "<group>";
		};
		46D737331BEE4FFB0022361D /* CycleSaverTests */ = {
			isa = PBXGroup;
			children = (
				46D737341BEE4FFB0022361D /* CycleSaverTests.swift */,
				46D737361BEE4FFB0022361D /* Info.plist */,
			);
			path = CycleSaverTests;
			sourceTree = "<group>";
		};
		46D7373E1BEE4FFB0022361D /* CycleSaverUITests */ = {
			isa = PBXGroup;
			children = (
				46D7373F1BEE4FFB0022361D /* CycleSaverUITests.swift */,
				46D737411BEE4FFB0022361D /* Info.plist */,
			);
			path = CycleSaverUITests;
			sourceTree = "<group>";
		};
/* End PBXGroup section */

/* Begin PBXNativeTarget section */
		46D7371B1BEE4FFA0022361D /* CycleSaver */ = {
			isa = PBXNativeTarget;
			buildConfigurationList = 46D737441BEE4FFB0022361D /* Build configuration list for PBXNativeTarget "CycleSaver" */;
			buildPhases = (
				46D737181BEE4FFA0022361D /* Sources */,
				46D737191BEE4FFA0022361D /* Frameworks */,
				46D7371A1BEE4FFA0022361D /* Resources */,
			);
			buildRules = (
			);
			dependencies = (
			);
			name = CycleSaver;
			productName = CycleSaver;
			productReference = 46D7371C1BEE4FFA0022361D /* CycleSaver.app */;
			productType = "com.apple.product-type.application";
		};
		46D7372F1BEE4FFB0022361D /* CycleSaverTests */ = {
			isa = PBXNativeTarget;
			buildConfigurationList = 46D737471BEE4FFB0022361D /* Build configuration list for PBXNativeTarget "CycleSaverTests" */;
			buildPhases = (
				46D7372C1BEE4FFB0022361D /* Sources */,
				46D7372D1BEE4FFB0022361D /* Frameworks */,
				46D7372E1BEE4FFB0022361D /* Resources */,
			);
			buildRules = (
			);
			dependencies = (
				46D737321BEE4FFB0022361D /* PBXTargetDependency */,
			);
			name = CycleSaverTests;
			productName = CycleSaverTests;
			productReference = 46D737301BEE4FFB0022361D /* CycleSaverTests.xctest */;
			productType = "com.apple.product-type.bundle.unit-test";
		};
		46D7373A1BEE4FFB0022361D /* CycleSaverUITests */ = {
			isa = PBXNativeTarget;
			buildConfigurationList = 46D7374A1BEE4FFB0022361D /* Build configuration list for PBXNativeTarget "CycleSaverUITests" */;
			buildPhases = (
				46D737371BEE4FFB0022361D /* Sources */,
				46D737381BEE4FFB0022361D /* Frameworks */,
				46D737391BEE4FFB0022361D /* Resources */,
			);
			buildRules = (
			);
			dependencies = (
				46D7373D1BEE4FFB0022361D /* PBXTargetDependency */,
			);
			name = CycleSaverUITests;
			productName = CycleSaverUITests;
			productReference = 46D7373B1BEE4FFB0022361D /* CycleSaverUITests.xctest */;
			productType = "com.apple.product-type.bundle.ui-testing";
		};
/* End PBXNativeTarget section */

/* Begin PBXProject section */
		46D737141BEE4FFA0022361D /* Project object */ = {
			isa = PBXProject;
			attributes = {
				LastSwiftUpdateCheck = 0710;
				LastUpgradeCheck = 0710;
				ORGANIZATIONNAME = "Kathryn Killebrew";
				TargetAttributes = {
					46D7371B1BEE4FFA0022361D = {
						CreatedOnToolsVersion = 7.1;
						DevelopmentTeam = 4R28S5TJB2;
					};
					46D7372F1BEE4FFB0022361D = {
						CreatedOnToolsVersion = 7.1;
						TestTargetID = 46D7371B1BEE4FFA0022361D;
					};
					46D7373A1BEE4FFB0022361D = {
						CreatedOnToolsVersion = 7.1;
						TestTargetID = 46D7371B1BEE4FFA0022361D;
					};
				};
			};
			buildConfigurationList = 46D737171BEE4FFA0022361D /* Build configuration list for PBXProject "CycleSaver" */;
			compatibilityVersion = "Xcode 3.2";
			developmentRegion = English;
			hasScannedForEncodings = 0;
			knownRegions = (
				en,
				Base,
			);
			mainGroup = 46D737131BEE4FFA0022361D;
			productRefGroup = 46D7371D1BEE4FFA0022361D /* Products */;
			projectDirPath = "";
			projectRoot = "";
			targets = (
				46D7371B1BEE4FFA0022361D /* CycleSaver */,
				46D7372F1BEE4FFB0022361D /* CycleSaverTests */,
				46D7373A1BEE4FFB0022361D /* CycleSaverUITests */,
			);
		};
/* End PBXProject section */

/* Begin PBXResourcesBuildPhase section */
		46D7371A1BEE4FFA0022361D /* Resources */ = {
			isa = PBXResourcesBuildPhase;
			buildActionMask = 2147483647;
			files = (
				468DE5F11C13DE24006738E0 /* tabbar_view.png in Resources */,
				468DE5EE1C13DE24006738E0 /* tabbar_record@2x.png in Resources */,
				46D7372A1BEE4FFA0022361D /* LaunchScreen.storyboard in Resources */,
				468DE5EB1C13DE24006738E0 /* tabbar_notes.png in Resources */,
				46D737271BEE4FFA0022361D /* Assets.xcassets in Resources */,
				468DE5EA1C13DE24006738E0 /* tabbar_instructions@2x.png in Resources */,
				468DE5E91C13DE24006738E0 /* tabbar_instructions.png in Resources */,
				468DE5EF1C13DE24006738E0 /* tabbar_settings.png in Resources */,
				46D737251BEE4FFA0022361D /* Main.storyboard in Resources */,
				468DE5ED1C13DE24006738E0 /* tabbar_record.png in Resources */,
				468DE5EC1C13DE24006738E0 /* tabbar_notes@2x.png in Resources */,
				468DE5F01C13DE24006738E0 /* tabbar_settings@2x.png in Resources */,
				468DE5F21C13DE24006738E0 /* tabbar_view@2x.png in Resources */,
			);
			runOnlyForDeploymentPostprocessing = 0;
		};
		46D7372E1BEE4FFB0022361D /* Resources */ = {
			isa = PBXResourcesBuildPhase;
			buildActionMask = 2147483647;
			files = (
			);
			runOnlyForDeploymentPostprocessing = 0;
		};
		46D737391BEE4FFB0022361D /* Resources */ = {
			isa = PBXResourcesBuildPhase;
			buildActionMask = 2147483647;
			files = (
			);
			runOnlyForDeploymentPostprocessing = 0;
		};
/* End PBXResourcesBuildPhase section */

/* Begin PBXSourcesBuildPhase section */
		46D737181BEE4FFA0022361D /* Sources */ = {
			isa = PBXSourcesBuildPhase;
			buildActionMask = 2147483647;
			files = (
				460004351C138916005A23B4 /* Trip.swift in Sources */,
				46D737221BEE4FFA0022361D /* MapController.swift in Sources */,
				460004361C138916005A23B4 /* LocationReading+CoreDataProperties.swift in Sources */,
				460004371C138916005A23B4 /* LocationReading.swift in Sources */,
				46D737201BEE4FFA0022361D /* AppDelegate.swift in Sources */,
				4600042F1C1386C0005A23B4 /* TripData.xcdatamodeld in Sources */,
				460004341C138916005A23B4 /* Trip+CoreDataProperties.swift in Sources */,
				46AB6CE11C136AB300ECB3C2 /* CoreDataStack.swift in Sources */,
			);
			runOnlyForDeploymentPostprocessing = 0;
		};
		46D7372C1BEE4FFB0022361D /* Sources */ = {
			isa = PBXSourcesBuildPhase;
			buildActionMask = 2147483647;
			files = (
				46D737351BEE4FFB0022361D /* CycleSaverTests.swift in Sources */,
			);
			runOnlyForDeploymentPostprocessing = 0;
		};
		46D737371BEE4FFB0022361D /* Sources */ = {
			isa = PBXSourcesBuildPhase;
			buildActionMask = 2147483647;
			files = (
				46D737401BEE4FFB0022361D /* CycleSaverUITests.swift in Sources */,
			);
			runOnlyForDeploymentPostprocessing = 0;
		};
/* End PBXSourcesBuildPhase section */

/* Begin PBXTargetDependency section */
		46D737321BEE4FFB0022361D /* PBXTargetDependency */ = {
			isa = PBXTargetDependency;
			target = 46D7371B1BEE4FFA0022361D /* CycleSaver */;
			targetProxy = 46D737311BEE4FFB0022361D /* PBXContainerItemProxy */;
		};
		46D7373D1BEE4FFB0022361D /* PBXTargetDependency */ = {
			isa = PBXTargetDependency;
			target = 46D7371B1BEE4FFA0022361D /* CycleSaver */;
			targetProxy = 46D7373C1BEE4FFB0022361D /* PBXContainerItemProxy */;
		};
/* End PBXTargetDependency section */

/* Begin PBXVariantGroup section */
		46D737231BEE4FFA0022361D /* Main.storyboard */ = {
			isa = PBXVariantGroup;
			children = (
				46D737241BEE4FFA0022361D /* Base */,
			);
			name = Main.storyboard;
			path = .;
			sourceTree = "<group>";
		};
		46D737281BEE4FFA0022361D /* LaunchScreen.storyboard */ = {
			isa = PBXVariantGroup;
			children = (
				46D737291BEE4FFA0022361D /* Base */,
			);
			name = LaunchScreen.storyboard;
			path = .;
			sourceTree = "<group>";
		};
/* End PBXVariantGroup section */

/* Begin XCBuildConfiguration section */
		46D737421BEE4FFB0022361D /* Debug */ = {
			isa = XCBuildConfiguration;
			buildSettings = {
				ALWAYS_SEARCH_USER_PATHS = NO;
				CLANG_CXX_LANGUAGE_STANDARD = "gnu++0x";
				CLANG_CXX_LIBRARY = "libc++";
				CLANG_ENABLE_MODULES = YES;
				CLANG_ENABLE_OBJC_ARC = YES;
				CLANG_WARN_BOOL_CONVERSION = YES;
				CLANG_WARN_CONSTANT_CONVERSION = YES;
				CLANG_WARN_DIRECT_OBJC_ISA_USAGE = YES_ERROR;
				CLANG_WARN_EMPTY_BODY = YES;
				CLANG_WARN_ENUM_CONVERSION = YES;
				CLANG_WARN_INT_CONVERSION = YES;
				CLANG_WARN_OBJC_ROOT_CLASS = YES_ERROR;
				CLANG_WARN_UNREACHABLE_CODE = YES;
				CLANG_WARN__DUPLICATE_METHOD_MATCH = YES;
				"CODE_SIGN_IDENTITY[sdk=iphoneos*]" = "iPhone Developer";
				COPY_PHASE_STRIP = NO;
				DEBUG_INFORMATION_FORMAT = dwarf;
				ENABLE_STRICT_OBJC_MSGSEND = YES;
				ENABLE_TESTABILITY = YES;
				GCC_C_LANGUAGE_STANDARD = gnu99;
				GCC_DYNAMIC_NO_PIC = NO;
				GCC_NO_COMMON_BLOCKS = YES;
				GCC_OPTIMIZATION_LEVEL = 0;
				GCC_PREPROCESSOR_DEFINITIONS = (
					"DEBUG=1",
					"$(inherited)",
				);
				GCC_WARN_64_TO_32_BIT_CONVERSION = YES;
				GCC_WARN_ABOUT_RETURN_TYPE = YES_ERROR;
				GCC_WARN_UNDECLARED_SELECTOR = YES;
				GCC_WARN_UNINITIALIZED_AUTOS = YES_AGGRESSIVE;
				GCC_WARN_UNUSED_FUNCTION = YES;
				GCC_WARN_UNUSED_VARIABLE = YES;
				IPHONEOS_DEPLOYMENT_TARGET = 9.1;
				MTL_ENABLE_DEBUG_INFO = YES;
				ONLY_ACTIVE_ARCH = YES;
				SDKROOT = iphoneos;
				SWIFT_OPTIMIZATION_LEVEL = "-Onone";
			};
			name = Debug;
		};
		46D737431BEE4FFB0022361D /* Release */ = {
			isa = XCBuildConfiguration;
			buildSettings = {
				ALWAYS_SEARCH_USER_PATHS = NO;
				CLANG_CXX_LANGUAGE_STANDARD = "gnu++0x";
				CLANG_CXX_LIBRARY = "libc++";
				CLANG_ENABLE_MODULES = YES;
				CLANG_ENABLE_OBJC_ARC = YES;
				CLANG_WARN_BOOL_CONVERSION = YES;
				CLANG_WARN_CONSTANT_CONVERSION = YES;
				CLANG_WARN_DIRECT_OBJC_ISA_USAGE = YES_ERROR;
				CLANG_WARN_EMPTY_BODY = YES;
				CLANG_WARN_ENUM_CONVERSION = YES;
				CLANG_WARN_INT_CONVERSION = YES;
				CLANG_WARN_OBJC_ROOT_CLASS = YES_ERROR;
				CLANG_WARN_UNREACHABLE_CODE = YES;
				CLANG_WARN__DUPLICATE_METHOD_MATCH = YES;
				"CODE_SIGN_IDENTITY[sdk=iphoneos*]" = "iPhone Developer";
				COPY_PHASE_STRIP = NO;
				DEBUG_INFORMATION_FORMAT = "dwarf-with-dsym";
				ENABLE_NS_ASSERTIONS = NO;
				ENABLE_STRICT_OBJC_MSGSEND = YES;
				GCC_C_LANGUAGE_STANDARD = gnu99;
				GCC_NO_COMMON_BLOCKS = YES;
				GCC_WARN_64_TO_32_BIT_CONVERSION = YES;
				GCC_WARN_ABOUT_RETURN_TYPE = YES_ERROR;
				GCC_WARN_UNDECLARED_SELECTOR = YES;
				GCC_WARN_UNINITIALIZED_AUTOS = YES_AGGRESSIVE;
				GCC_WARN_UNUSED_FUNCTION = YES;
				GCC_WARN_UNUSED_VARIABLE = YES;
				IPHONEOS_DEPLOYMENT_TARGET = 9.1;
				MTL_ENABLE_DEBUG_INFO = NO;
				SDKROOT = iphoneos;
				VALIDATE_PRODUCT = YES;
			};
			name = Release;
		};
		46D737451BEE4FFB0022361D /* Debug */ = {
			isa = XCBuildConfiguration;
			buildSettings = {
				ASSETCATALOG_COMPILER_APPICON_NAME = AppIcon;
				CODE_SIGN_IDENTITY = "iPhone Developer";
				INFOPLIST_FILE = CycleSaver/Info.plist;
				IPHONEOS_DEPLOYMENT_TARGET = 9.1;
				LD_RUNPATH_SEARCH_PATHS = "$(inherited) @executable_path/Frameworks";
				PRODUCT_BUNDLE_IDENTIFIER = com.banderkat.CycleSaver;
				PRODUCT_NAME = "$(TARGET_NAME)";
			};
			name = Debug;
		};
		46D737461BEE4FFB0022361D /* Release */ = {
			isa = XCBuildConfiguration;
			buildSettings = {
				ASSETCATALOG_COMPILER_APPICON_NAME = AppIcon;
				CODE_SIGN_IDENTITY = "iPhone Developer";
				INFOPLIST_FILE = CycleSaver/Info.plist;
				IPHONEOS_DEPLOYMENT_TARGET = 9.1;
				LD_RUNPATH_SEARCH_PATHS = "$(inherited) @executable_path/Frameworks";
				PRODUCT_BUNDLE_IDENTIFIER = com.banderkat.CycleSaver;
				PRODUCT_NAME = "$(TARGET_NAME)";
			};
			name = Release;
		};
		46D737481BEE4FFB0022361D /* Debug */ = {
			isa = XCBuildConfiguration;
			buildSettings = {
				BUNDLE_LOADER = "$(TEST_HOST)";
				INFOPLIST_FILE = CycleSaverTests/Info.plist;
				LD_RUNPATH_SEARCH_PATHS = "$(inherited) @executable_path/Frameworks @loader_path/Frameworks";
				PRODUCT_BUNDLE_IDENTIFIER = com.banderkat.CycleSaverTests;
				PRODUCT_NAME = "$(TARGET_NAME)";
				TEST_HOST = "$(BUILT_PRODUCTS_DIR)/CycleSaver.app/CycleSaver";
			};
			name = Debug;
		};
		46D737491BEE4FFB0022361D /* Release */ = {
			isa = XCBuildConfiguration;
			buildSettings = {
				BUNDLE_LOADER = "$(TEST_HOST)";
				INFOPLIST_FILE = CycleSaverTests/Info.plist;
				LD_RUNPATH_SEARCH_PATHS = "$(inherited) @executable_path/Frameworks @loader_path/Frameworks";
				PRODUCT_BUNDLE_IDENTIFIER = com.banderkat.CycleSaverTests;
				PRODUCT_NAME = "$(TARGET_NAME)";
				TEST_HOST = "$(BUILT_PRODUCTS_DIR)/CycleSaver.app/CycleSaver";
			};
			name = Release;
		};
		46D7374B1BEE4FFB0022361D /* Debug */ = {
			isa = XCBuildConfiguration;
			buildSettings = {
				INFOPLIST_FILE = CycleSaverUITests/Info.plist;
				LD_RUNPATH_SEARCH_PATHS = "$(inherited) @executable_path/Frameworks @loader_path/Frameworks";
				PRODUCT_BUNDLE_IDENTIFIER = com.banderkat.CycleSaverUITests;
				PRODUCT_NAME = "$(TARGET_NAME)";
				TEST_TARGET_NAME = CycleSaver;
				USES_XCTRUNNER = YES;
			};
			name = Debug;
		};
		46D7374C1BEE4FFB0022361D /* Release */ = {
			isa = XCBuildConfiguration;
			buildSettings = {
				INFOPLIST_FILE = CycleSaverUITests/Info.plist;
				LD_RUNPATH_SEARCH_PATHS = "$(inherited) @executable_path/Frameworks @loader_path/Frameworks";
				PRODUCT_BUNDLE_IDENTIFIER = com.banderkat.CycleSaverUITests;
				PRODUCT_NAME = "$(TARGET_NAME)";
				TEST_TARGET_NAME = CycleSaver;
				USES_XCTRUNNER = YES;
			};
			name = Release;
		};
/* End XCBuildConfiguration section */

/* Begin XCConfigurationList section */
		46D737171BEE4FFA0022361D /* Build configuration list for PBXProject "CycleSaver" */ = {
			isa = XCConfigurationList;
			buildConfigurations = (
				46D737421BEE4FFB0022361D /* Debug */,
				46D737431BEE4FFB0022361D /* Release */,
			);
			defaultConfigurationIsVisible = 0;
			defaultConfigurationName = Release;
		};
		46D737441BEE4FFB0022361D /* Build configuration list for PBXNativeTarget "CycleSaver" */ = {
			isa = XCConfigurationList;
			buildConfigurations = (
				46D737451BEE4FFB0022361D /* Debug */,
				46D737461BEE4FFB0022361D /* Release */,
			);
			defaultConfigurationIsVisible = 0;
			defaultConfigurationName = Release;
		};
		46D737471BEE4FFB0022361D /* Build configuration list for PBXNativeTarget "CycleSaverTests" */ = {
			isa = XCConfigurationList;
			buildConfigurations = (
				46D737481BEE4FFB0022361D /* Debug */,
				46D737491BEE4FFB0022361D /* Release */,
			);
			defaultConfigurationIsVisible = 0;
			defaultConfigurationName = Release;
		};
		46D7374A1BEE4FFB0022361D /* Build configuration list for PBXNativeTarget "CycleSaverUITests" */ = {
			isa = XCConfigurationList;
			buildConfigurations = (
				46D7374B1BEE4FFB0022361D /* Debug */,
				46D7374C1BEE4FFB0022361D /* Release */,
			);
			defaultConfigurationIsVisible = 0;
			defaultConfigurationName = Release;
		};
/* End XCConfigurationList section */

/* Begin XCVersionGroup section */
		4600042D1C1386C0005A23B4 /* TripData.xcdatamodeld */ = {
			isa = XCVersionGroup;
			children = (
				4600042E1C1386C0005A23B4 /* TripData.xcdatamodel */,
			);
			currentVersion = 4600042E1C1386C0005A23B4 /* TripData.xcdatamodel */;
			path = TripData.xcdatamodeld;
			sourceTree = "<group>";
			versionGroupType = wrapper.xcdatamodel;
		};
/* End XCVersionGroup section */
	};
	rootObject = 46D737141BEE4FFA0022361D /* Project object */;
}
